
Microsoft Visual Studio Solution File, Format Version 12.00
# Visual Studio Version 17
VisualStudioVersion = 17.1.32414.318
MinimumVisualStudioVersion = 10.0.40219.1
Project("{8BC9CEB8-8B4A-11D0-8D11-00A0C91BC942}") = "Windows_RPC_Backdoor", "Windows_RPC_Backdoor\Windows_RPC_Backdoor.vcxproj", "{01823C97-3419-4078-A063-886AFAD0645F}"
EndProject
Global
	GlobalSection(SolutionConfigurationPlatforms) = preSolution
		Debug|x64 = Debug|x64
		Debug|x86 = Debug|x86
		Release|x64 = Release|x64
		Release|x86 = Release|x86
	EndGlobalSection
	GlobalSection(ProjectConfigurationPlatforms) = postSolution
		{01823C97-3419-4078-A063-886AFAD0645F}.Debug|x64.ActiveCfg = Debug|x64
		{01823C97-3419-4078-A063-886AFAD0645F}.Debug|x64.Build.0 = Debug|x64
		{01823C97-3419-4078-A063-886AFAD0645F}.Debug|x86.ActiveCfg = Debug|Win32
		{01823C97-3419-4078-A063-886AFAD0645F}.Debug|x86.Build.0 = Debug|Win32
		{01823C97-3419-4078-A063-886AFAD0645F}.Release|x64.ActiveCfg = Release|x64
		{01823C97-3419-4078-A063-886AFAD0645F}.Release|x64.Build.0 = Release|x64
		{01823C97-3419-4078-A063-886AFAD0645F}.Release|x86.ActiveCfg = Release|Win32
		{01823C97-3419-4078-A063-886AFAD0645F}.Release|x86.Build.0 = Release|Win32
	EndGlobalSection
	GlobalSection(SolutionProperties) = preSolution
		HideSolutionNode = FALSE
	EndGlobalSection
	GlobalSection(ExtensibilityGlobals) = postSolution
		SolutionGuid = {94BE3EC8-2E13-41FE-83F8-5FA0D1B5CF94}
	EndGlobalSection
EndGlobal
